// !$*UTF8*$!
{
	archiveVersion = 1;
	classes = {
	};
	objectVersion = 50;
	objects = {

/* Begin PBXBuildFile section */
		3C6C71192283095F00FC3E8A /* Player.swift in Sources */ = {isa = PBXBuildFile; fileRef = 3C6C71182283095F00FC3E8A /* Player.swift */; };
		3C6C711B228309E700FC3E8A /* PlayerTests.swift in Sources */ = {isa = PBXBuildFile; fileRef = 3C6C711A228309E700FC3E8A /* PlayerTests.swift */; };
		3C6C711C228309EB00FC3E8A /* Player.swift in Sources */ = {isa = PBXBuildFile; fileRef = 3C6C71182283095F00FC3E8A /* Player.swift */; };
		3C6C711E22830B0000FC3E8A /* Game.swift in Sources */ = {isa = PBXBuildFile; fileRef = 3C6C711D22830B0000FC3E8A /* Game.swift */; };
		3C6C711F22830B0000FC3E8A /* Game.swift in Sources */ = {isa = PBXBuildFile; fileRef = 3C6C711D22830B0000FC3E8A /* Game.swift */; };
		3C6C712122830B2600FC3E8A /* GameTests.swift in Sources */ = {isa = PBXBuildFile; fileRef = 3C6C712022830B2600FC3E8A /* GameTests.swift */; };
		3C6C71252284232300FC3E8A /* Score.swift in Sources */ = {isa = PBXBuildFile; fileRef = 3C6C71242284232300FC3E8A /* Score.swift */; };
		3C6C71262284236800FC3E8A /* Score.swift in Sources */ = {isa = PBXBuildFile; fileRef = 3C6C71242284232300FC3E8A /* Score.swift */; };
		3C6C71282284250B00FC3E8A /* ScoreTests.swift in Sources */ = {isa = PBXBuildFile; fileRef = 3C6C71272284250B00FC3E8A /* ScoreTests.swift */; };
		3CFBFA902283021C0016A811 /* main.swift in Sources */ = {isa = PBXBuildFile; fileRef = 3CFBFA7A2282D6CE0016A811 /* main.swift */; };
		3CFBFA92228303D50016A811 /* TennisTests.swift in Sources */ = {isa = PBXBuildFile; fileRef = 3CFBFA89228301290016A811 /* TennisTests.swift */; };
		3CFBFA96228306860016A811 /* main.swift in Sources */ = {isa = PBXBuildFile; fileRef = 3CFBFA7A2282D6CE0016A811 /* main.swift */; };
/* End PBXBuildFile section */

/* Begin PBXCopyFilesBuildPhase section */
		3CFBFA752282D6CE0016A811 /* CopyFiles */ = {
			isa = PBXCopyFilesBuildPhase;
			buildActionMask = 2147483647;
			dstPath = /usr/share/man/man1/;
			dstSubfolderSpec = 0;
			files = (
			);
			runOnlyForDeploymentPostprocessing = 1;
		};
/* End PBXCopyFilesBuildPhase section */

/* Begin PBXFileReference section */
		3C6C71182283095F00FC3E8A /* Player.swift */ = {isa = PBXFileReference; lastKnownFileType = sourcecode.swift; path = Player.swift; sourceTree = "<group>"; };
		3C6C711A228309E700FC3E8A /* PlayerTests.swift */ = {isa = PBXFileReference; lastKnownFileType = sourcecode.swift; path = PlayerTests.swift; sourceTree = "<group>"; };
		3C6C711D22830B0000FC3E8A /* Game.swift */ = {isa = PBXFileReference; lastKnownFileType = sourcecode.swift; path = Game.swift; sourceTree = "<group>"; };
		3C6C712022830B2600FC3E8A /* GameTests.swift */ = {isa = PBXFileReference; lastKnownFileType = sourcecode.swift; path = GameTests.swift; sourceTree = "<group>"; };
		3C6C71242284232300FC3E8A /* Score.swift */ = {isa = PBXFileReference; lastKnownFileType = sourcecode.swift; path = Score.swift; sourceTree = "<group>"; };
		3C6C71272284250B00FC3E8A /* ScoreTests.swift */ = {isa = PBXFileReference; lastKnownFileType = sourcecode.swift; path = ScoreTests.swift; sourceTree = "<group>"; };
		3CFBFA772282D6CE0016A811 /* Tennis */ = {isa = PBXFileReference; explicitFileType = "compiled.mach-o.executable"; includeInIndex = 0; path = Tennis; sourceTree = BUILT_PRODUCTS_DIR; };
		3CFBFA7A2282D6CE0016A811 /* main.swift */ = {isa = PBXFileReference; lastKnownFileType = sourcecode.swift; path = main.swift; sourceTree = "<group>"; };
		3CFBFA87228301290016A811 /* TennisTests.xctest */ = {isa = PBXFileReference; explicitFileType = wrapper.cfbundle; includeInIndex = 0; path = TennisTests.xctest; sourceTree = BUILT_PRODUCTS_DIR; };
		3CFBFA89228301290016A811 /* TennisTests.swift */ = {isa = PBXFileReference; lastKnownFileType = sourcecode.swift; path = TennisTests.swift; sourceTree = "<group>"; };
		3CFBFA8B228301290016A811 /* Info.plist */ = {isa = PBXFileReference; lastKnownFileType = text.plist.xml; path = Info.plist; sourceTree = "<group>"; };
/* End PBXFileReference section */

/* Begin PBXFrameworksBuildPhase section */
		3CFBFA742282D6CE0016A811 /* Frameworks */ = {
			isa = PBXFrameworksBuildPhase;
			buildActionMask = 2147483647;
			files = (
			);
			runOnlyForDeploymentPostprocessing = 0;
		};
		3CFBFA84228301290016A811 /* Frameworks */ = {
			isa = PBXFrameworksBuildPhase;
			buildActionMask = 2147483647;
			files = (
			);
			runOnlyForDeploymentPostprocessing = 0;
		};
/* End PBXFrameworksBuildPhase section */

/* Begin PBXGroup section */
		3CFBFA6E2282D6CE0016A811 = {
			isa = PBXGroup;
			children = (
				3CFBFA792282D6CE0016A811 /* Tennis */,
				3CFBFA88228301290016A811 /* TennisTests */,
				3CFBFA782282D6CE0016A811 /* Products */,
			);
			sourceTree = "<group>";
		};
		3CFBFA782282D6CE0016A811 /* Products */ = {
			isa = PBXGroup;
			children = (
				3CFBFA772282D6CE0016A811 /* Tennis */,
				3CFBFA87228301290016A811 /* TennisTests.xctest */,
			);
			name = Products;
			sourceTree = "<group>";
		};
		3CFBFA792282D6CE0016A811 /* Tennis */ = {
			isa = PBXGroup;
			children = (
				3CFBFA7A2282D6CE0016A811 /* main.swift */,
				3C6C71182283095F00FC3E8A /* Player.swift */,
				3C6C711D22830B0000FC3E8A /* Game.swift */,
				3C6C71242284232300FC3E8A /* Score.swift */,
			);
			path = Tennis;
			sourceTree = "<group>";
		};
		3CFBFA88228301290016A811 /* TennisTests */ = {
			isa = PBXGroup;
			children = (
				3CFBFA89228301290016A811 /* TennisTests.swift */,
				3C6C711A228309E700FC3E8A /* PlayerTests.swift */,
				3C6C712022830B2600FC3E8A /* GameTests.swift */,
				3C6C71272284250B00FC3E8A /* ScoreTests.swift */,
				3CFBFA8B228301290016A811 /* Info.plist */,
			);
			path = TennisTests;
			sourceTree = "<group>";
		};
/* End PBXGroup section */

/* Begin PBXNativeTarget section */
		3CFBFA762282D6CE0016A811 /* Tennis */ = {
			isa = PBXNativeTarget;
			buildConfigurationList = 3CFBFA7E2282D6CE0016A811 /* Build configuration list for PBXNativeTarget "Tennis" */;
			buildPhases = (
				3CFBFA732282D6CE0016A811 /* Sources */,
				3CFBFA742282D6CE0016A811 /* Frameworks */,
				3CFBFA752282D6CE0016A811 /* CopyFiles */,
			);
			buildRules = (
			);
			dependencies = (
			);
			name = Tennis;
			productName = Tennis;
			productReference = 3CFBFA772282D6CE0016A811 /* Tennis */;
			productType = "com.apple.product-type.tool";
		};
		3CFBFA86228301290016A811 /* TennisTests */ = {
			isa = PBXNativeTarget;
			buildConfigurationList = 3CFBFA8C228301290016A811 /* Build configuration list for PBXNativeTarget "TennisTests" */;
			buildPhases = (
				3CFBFA83228301290016A811 /* Sources */,
				3CFBFA84228301290016A811 /* Frameworks */,
				3CFBFA85228301290016A811 /* Resources */,
			);
			buildRules = (
			);
			dependencies = (
			);
			name = TennisTests;
			productName = TennisTests;
			productReference = 3CFBFA87228301290016A811 /* TennisTests.xctest */;
			productType = "com.apple.product-type.bundle.unit-test";
		};
/* End PBXNativeTarget section */

/* Begin PBXProject section */
		3CFBFA6F2282D6CE0016A811 /* Project object */ = {
			isa = PBXProject;
			attributes = {
				LastSwiftUpdateCheck = 1020;
				LastUpgradeCheck = 1020;
				ORGANIZATIONNAME = 2019_DEV_157;
				TargetAttributes = {
					3CFBFA762282D6CE0016A811 = {
						CreatedOnToolsVersion = 10.2;
					};
					3CFBFA86228301290016A811 = {
						CreatedOnToolsVersion = 10.2;
					};
				};
			};
			buildConfigurationList = 3CFBFA722282D6CE0016A811 /* Build configuration list for PBXProject "Tennis" */;
			compatibilityVersion = "Xcode 9.3";
			developmentRegion = en;
			hasScannedForEncodings = 0;
			knownRegions = (
				en,
			);
			mainGroup = 3CFBFA6E2282D6CE0016A811;
			productRefGroup = 3CFBFA782282D6CE0016A811 /* Products */;
			projectDirPath = "";
			projectRoot = "";
			targets = (
				3CFBFA762282D6CE0016A811 /* Tennis */,
				3CFBFA86228301290016A811 /* TennisTests */,
			);
		};
/* End PBXProject section */

/* Begin PBXResourcesBuildPhase section */
		3CFBFA85228301290016A811 /* Resources */ = {
			isa = PBXResourcesBuildPhase;
			buildActionMask = 2147483647;
			files = (
			);
			runOnlyForDeploymentPostprocessing = 0;
		};
/* End PBXResourcesBuildPhase section */

/* Begin PBXSourcesBuildPhase section */
		3CFBFA732282D6CE0016A811 /* Sources */ = {
			isa = PBXSourcesBuildPhase;
			buildActionMask = 2147483647;
			files = (
				3C6C71192283095F00FC3E8A /* Player.swift in Sources */,
				3C6C711E22830B0000FC3E8A /* Game.swift in Sources */,
				3C6C71252284232300FC3E8A /* Score.swift in Sources */,
				3CFBFA96228306860016A811 /* main.swift in Sources */,
			);
			runOnlyForDeploymentPostprocessing = 0;
		};
		3CFBFA83228301290016A811 /* Sources */ = {
			isa = PBXSourcesBuildPhase;
			buildActionMask = 2147483647;
			files = (
				3C6C71262284236800FC3E8A /* Score.swift in Sources */,
				3C6C711C228309EB00FC3E8A /* Player.swift in Sources */,
				3C6C71282284250B00FC3E8A /* ScoreTests.swift in Sources */,
				3C6C712122830B2600FC3E8A /* GameTests.swift in Sources */,
				3C6C711F22830B0000FC3E8A /* Game.swift in Sources */,
				3CFBFA92228303D50016A811 /* TennisTests.swift in Sources */,
				3C6C711B228309E700FC3E8A /* PlayerTests.swift in Sources */,
				3CFBFA902283021C0016A811 /* main.swift in Sources */,
			);
			runOnlyForDeploymentPostprocessing = 0;
		};
/* End PBXSourcesBuildPhase section */

/* Begin XCBuildConfiguration section */
		3CFBFA7C2282D6CE0016A811 /* Debug */ = {
			isa = XCBuildConfiguration;
			buildSettings = {
				ALWAYS_SEARCH_USER_PATHS = NO;
				CLANG_ANALYZER_NONNULL = YES;
				CLANG_ANALYZER_NUMBER_OBJECT_CONVERSION = YES_AGGRESSIVE;
				CLANG_CXX_LANGUAGE_STANDARD = "gnu++14";
				CLANG_CXX_LIBRARY = "libc++";
				CLANG_ENABLE_MODULES = YES;
				CLANG_ENABLE_OBJC_ARC = YES;
				CLANG_ENABLE_OBJC_WEAK = YES;
				CLANG_WARN_BLOCK_CAPTURE_AUTORELEASING = YES;
				CLANG_WARN_BOOL_CONVERSION = YES;
				CLANG_WARN_COMMA = YES;
				CLANG_WARN_CONSTANT_CONVERSION = YES;
				CLANG_WARN_DEPRECATED_OBJC_IMPLEMENTATIONS = YES;
				CLANG_WARN_DIRECT_OBJC_ISA_USAGE = YES_ERROR;
				CLANG_WARN_DOCUMENTATION_COMMENTS = YES;
				CLANG_WARN_EMPTY_BODY = YES;
				CLANG_WARN_ENUM_CONVERSION = YES;
				CLANG_WARN_INFINITE_RECURSION = YES;
				CLANG_WARN_INT_CONVERSION = YES;
				CLANG_WARN_NON_LITERAL_NULL_CONVERSION = YES;
				CLANG_WARN_OBJC_IMPLICIT_RETAIN_SELF = YES;
				CLANG_WARN_OBJC_LITERAL_CONVERSION = YES;
				CLANG_WARN_OBJC_ROOT_CLASS = YES_ERROR;
				CLANG_WARN_RANGE_LOOP_ANALYSIS = YES;
				CLANG_WARN_STRICT_PROTOTYPES = YES;
				CLANG_WARN_SUSPICIOUS_MOVE = YES;
				CLANG_WARN_UNGUARDED_AVAILABILITY = YES_AGGRESSIVE;
				CLANG_WARN_UNREACHABLE_CODE = YES;
				CLANG_WARN__DUPLICATE_METHOD_MATCH = YES;
				CODE_SIGN_IDENTITY = "-";
				COPY_PHASE_STRIP = NO;
				DEBUG_INFORMATION_FORMAT = dwarf;
				ENABLE_STRICT_OBJC_MSGSEND = YES;
				ENABLE_TESTABILITY = YES;
				GCC_C_LANGUAGE_STANDARD = gnu11;
				GCC_DYNAMIC_NO_PIC = NO;
				GCC_NO_COMMON_BLOCKS = YES;
				GCC_OPTIMIZATION_LEVEL = 0;
				GCC_PREPROCESSOR_DEFINITIONS = (
					"DEBUG=1",
					"$(inherited)",
				);
				GCC_WARN_64_TO_32_BIT_CONVERSION = YES;
				GCC_WARN_ABOUT_RETURN_TYPE = YES_ERROR;
				GCC_WARN_UNDECLARED_SELECTOR = YES;
				GCC_WARN_UNINITIALIZED_AUTOS = YES_AGGRESSIVE;
				GCC_WARN_UNUSED_FUNCTION = YES;
				GCC_WARN_UNUSED_VARIABLE = YES;
				MACOSX_DEPLOYMENT_TARGET = 10.14;
				MTL_ENABLE_DEBUG_INFO = INCLUDE_SOURCE;
				MTL_FAST_MATH = YES;
				ONLY_ACTIVE_ARCH = YES;
				SDKROOT = macosx;
				SWIFT_ACTIVE_COMPILATION_CONDITIONS = DEBUG;
				SWIFT_OPTIMIZATION_LEVEL = "-Onone";
			};
			name = Debug;
		};
		3CFBFA7D2282D6CE0016A811 /* Release */ = {
			isa = XCBuildConfiguration;
			buildSettings = {
				ALWAYS_SEARCH_USER_PATHS = NO;
				CLANG_ANALYZER_NONNULL = YES;
				CLANG_ANALYZER_NUMBER_OBJECT_CONVERSION = YES_AGGRESSIVE;
				CLANG_CXX_LANGUAGE_STANDARD = "gnu++14";
				CLANG_CXX_LIBRARY = "libc++";
				CLANG_ENABLE_MODULES = YES;
				CLANG_ENABLE_OBJC_ARC = YES;
				CLANG_ENABLE_OBJC_WEAK = YES;
				CLANG_WARN_BLOCK_CAPTURE_AUTORELEASING = YES;
				CLANG_WARN_BOOL_CONVERSION = YES;
				CLANG_WARN_COMMA = YES;
				CLANG_WARN_CONSTANT_CONVERSION = YES;
				CLANG_WARN_DEPRECATED_OBJC_IMPLEMENTATIONS = YES;
				CLANG_WARN_DIRECT_OBJC_ISA_USAGE = YES_ERROR;
				CLANG_WARN_DOCUMENTATION_COMMENTS = YES;
				CLANG_WARN_EMPTY_BODY = YES;
				CLANG_WARN_ENUM_CONVERSION = YES;
				CLANG_WARN_INFINITE_RECURSION = YES;
				CLANG_WARN_INT_CONVERSION = YES;
				CLANG_WARN_NON_LITERAL_NULL_CONVERSION = YES;
				CLANG_WARN_OBJC_IMPLICIT_RETAIN_SELF = YES;
				CLANG_WARN_OBJC_LITERAL_CONVERSION = YES;
				CLANG_WARN_OBJC_ROOT_CLASS = YES_ERROR;
				CLANG_WARN_RANGE_LOOP_ANALYSIS = YES;
				CLANG_WARN_STRICT_PROTOTYPES = YES;
				CLANG_WARN_SUSPICIOUS_MOVE = YES;
				CLANG_WARN_UNGUARDED_AVAILABILITY = YES_AGGRESSIVE;
				CLANG_WARN_UNREACHABLE_CODE = YES;
				CLANG_WARN__DUPLICATE_METHOD_MATCH = YES;
				CODE_SIGN_IDENTITY = "-";
				COPY_PHASE_STRIP = NO;
				DEBUG_INFORMATION_FORMAT = "dwarf-with-dsym";
				ENABLE_NS_ASSERTIONS = NO;
				ENABLE_STRICT_OBJC_MSGSEND = YES;
				GCC_C_LANGUAGE_STANDARD = gnu11;
				GCC_NO_COMMON_BLOCKS = YES;
				GCC_WARN_64_TO_32_BIT_CONVERSION = YES;
				GCC_WARN_ABOUT_RETURN_TYPE = YES_ERROR;
				GCC_WARN_UNDECLARED_SELECTOR = YES;
				GCC_WARN_UNINITIALIZED_AUTOS = YES_AGGRESSIVE;
				GCC_WARN_UNUSED_FUNCTION = YES;
				GCC_WARN_UNUSED_VARIABLE = YES;
				MACOSX_DEPLOYMENT_TARGET = 10.14;
				MTL_ENABLE_DEBUG_INFO = NO;
				MTL_FAST_MATH = YES;
				SDKROOT = macosx;
				SWIFT_COMPILATION_MODE = wholemodule;
				SWIFT_OPTIMIZATION_LEVEL = "-O";
			};
			name = Release;
		};
		3CFBFA7F2282D6CE0016A811 /* Debug */ = {
			isa = XCBuildConfiguration;
			buildSettings = {
				CODE_SIGN_STYLE = Automatic;
				PRODUCT_NAME = "$(TARGET_NAME)";
				SWIFT_VERSION = 5.0;
			};
			name = Debug;
		};
		3CFBFA802282D6CE0016A811 /* Release */ = {
			isa = XCBuildConfiguration;
			buildSettings = {
				CODE_SIGN_STYLE = Automatic;
				PRODUCT_NAME = "$(TARGET_NAME)";
				SWIFT_VERSION = 5.0;
			};
			name = Release;
		};
		3CFBFA8D228301290016A811 /* Debug */ = {
			isa = XCBuildConfiguration;
			buildSettings = {
				CODE_SIGN_STYLE = Automatic;
				COMBINE_HIDPI_IMAGES = YES;
				INFOPLIST_FILE = TennisTests/Info.plist;
				LD_RUNPATH_SEARCH_PATHS = (
					"$(inherited)",
					"@executable_path/../Frameworks",
					"@loader_path/../Frameworks",
				);
				PRODUCT_BUNDLE_IDENTIFIER = corp.TennisTests;
				PRODUCT_NAME = "$(TARGET_NAME)";
				SWIFT_VERSION = 5.0;
			};
			name = Debug;
		};
		3CFBFA8E228301290016A811 /* Release */ = {
			isa = XCBuildConfiguration;
			buildSettings = {
				CODE_SIGN_STYLE = Automatic;
				COMBINE_HIDPI_IMAGES = YES;
				INFOPLIST_FILE = TennisTests/Info.plist;
				LD_RUNPATH_SEARCH_PATHS = (
					"$(inherited)",
					"@executable_path/../Frameworks",
					"@loader_path/../Frameworks",
				);
				PRODUCT_BUNDLE_IDENTIFIER = corp.TennisTests;
				PRODUCT_NAME = "$(TARGET_NAME)";
				SWIFT_VERSION = 5.0;
			};
			name = Release;
		};
/* End XCBuildConfiguration section */

/* Begin XCConfigurationList section */
		3CFBFA722282D6CE0016A811 /* Build configuration list for PBXProject "Tennis" */ = {
			isa = XCConfigurationList;
			buildConfigurations = (
				3CFBFA7C2282D6CE0016A811 /* Debug */,
				3CFBFA7D2282D6CE0016A811 /* Release */,
			);
			defaultConfigurationIsVisible = 0;
			defaultConfigurationName = Release;
		};
		3CFBFA7E2282D6CE0016A811 /* Build configuration list for PBXNativeTarget "Tennis" */ = {
			isa = XCConfigurationList;
			buildConfigurations = (
				3CFBFA7F2282D6CE0016A811 /* Debug */,
				3CFBFA802282D6CE0016A811 /* Release */,
			);
			defaultConfigurationIsVisible = 0;
			defaultConfigurationName = Release;
		};
		3CFBFA8C228301290016A811 /* Build configuration list for PBXNativeTarget "TennisTests" */ = {
			isa = XCConfigurationList;
			buildConfigurations = (
				3CFBFA8D228301290016A811 /* Debug */,
				3CFBFA8E228301290016A811 /* Release */,
			);
			defaultConfigurationIsVisible = 0;
			defaultConfigurationName = Release;
		};
/* End XCConfigurationList section */
	};
	rootObject = 3CFBFA6F2282D6CE0016A811 /* Project object */;
}
